
Microsoft Visual Studio Solution File, Format Version 12.00
# Visual Studio Version 17
VisualStudioVersion = 17.0.31903.59
MinimumVisualStudioVersion = 10.0.40219.1
Project("{FAE04EC0-301F-11D3-BF4B-00C04F79EFBC}") = "WorkChatDock", "WorkChatDock\WorkChatDock.csproj", "{EE1A05FA-CC1D-4D50-8165-EA8C4BF947E4}"
EndProject
Project("{FAE04EC0-301F-11D3-BF4B-00C04F79EFBC}") = "WorkChatDock.SmokeTests", "WorkChatDock.SmokeTests\WorkChatDock.SmokeTests.csproj", "{17313957-181C-45DD-A711-F68E7EB64544}"
EndProject
Global
	GlobalSection(SolutionConfigurationPlatforms) = preSolution
		Debug|Any CPU = Debug|Any CPU
		Release|Any CPU = Release|Any CPU
	EndGlobalSection
	GlobalSection(SolutionProperties) = preSolution
		HideSolutionNode = FALSE
	EndGlobalSection
	GlobalSection(ProjectConfigurationPlatforms) = postSolution
		{EE1A05FA-CC1D-4D50-8165-EA8C4BF947E4}.Debug|Any CPU.ActiveCfg = Debug|Any CPU
		{EE1A05FA-CC1D-4D50-8165-EA8C4BF947E4}.Debug|Any CPU.Build.0 = Debug|Any CPU
		{EE1A05FA-CC1D-4D50-8165-EA8C4BF947E4}.Release|Any CPU.ActiveCfg = Release|Any CPU
		{EE1A05FA-CC1D-4D50-8165-EA8C4BF947E4}.Release|Any CPU.Build.0 = Release|Any CPU
		{17313957-181C-45DD-A711-F68E7EB64544}.Debug|Any CPU.ActiveCfg = Debug|Any CPU
		{17313957-181C-45DD-A711-F68E7EB64544}.Debug|Any CPU.Build.0 = Debug|Any CPU
		{17313957-181C-45DD-A711-F68E7EB64544}.Release|Any CPU.ActiveCfg = Release|Any CPU
		{17313957-181C-45DD-A711-F68E7EB64544}.Release|Any CPU.Build.0 = Release|Any CPU
	EndGlobalSection
EndGlobal
